
Microsoft Visual Studio Solution File, Format Version 12.00
# Visual Studio Version 16
VisualStudioVersion = 16.0.29613.14
MinimumVisualStudioVersion = 10.0.40219.1
Project("{FAE04EC0-301F-11D3-BF4B-00C04F79EFBC}") = "PiCalculator", "PiCalculator\PiCalculator.csproj", "{D43B502B-9A21-4BAD-AE15-4FE2D8510F2F}"
EndProject
Global
	GlobalSection(SolutionConfigurationPlatforms) = preSolution
		Debug|Any CPU = Debug|Any CPU
		Release|Any CPU = Release|Any CPU
	EndGlobalSection
	GlobalSection(ProjectConfigurationPlatforms) = postSolution
		{D43B502B-9A21-4BAD-AE15-4FE2D8510F2F}.Debug|Any CPU.ActiveCfg = Debug|Any CPU
		{D43B502B-9A21-4BAD-AE15-4FE2D8510F2F}.Debug|Any CPU.Build.0 = Debug|Any CPU
		{D43B502B-9A21-4BAD-AE15-4FE2D8510F2F}.Release|Any CPU.ActiveCfg = Release|Any CPU
		{D43B502B-9A21-4BAD-AE15-4FE2D8510F2F}.Release|Any CPU.Build.0 = Release|Any CPU
	EndGlobalSection
	GlobalSection(SolutionProperties) = preSolution
		HideSolutionNode = FALSE
	EndGlobalSection
	GlobalSection(ExtensibilityGlobals) = postSolution
		SolutionGuid = {EB157944-299D-4946-A0C4-B4DC50B03072}
	EndGlobalSection
EndGlobal
